
Microsoft Visual Studio Solution File, Format Version 12.00
# Visual Studio Version 16
VisualStudioVersion = 16.0.30717.126
MinimumVisualStudioVersion = 10.0.40219.1
Project("{FAE04EC0-301F-11D3-BF4B-00C04F79EFBC}") = "ScreenShotter", "ScreenShotter.csproj", "{585F552D-2BBE-4F25-86DE-7871732F1220}"
EndProject
Global
	GlobalSection(SolutionConfigurationPlatforms) = preSolution
		Debug|Any CPU = Debug|Any CPU
		Release|Any CPU = Release|Any CPU
	EndGlobalSection
	GlobalSection(ProjectConfigurationPlatforms) = postSolution
		{585F552D-2BBE-4F25-86DE-7871732F1220}.Debug|Any CPU.ActiveCfg = Debug|Any CPU
		{585F552D-2BBE-4F25-86DE-7871732F1220}.Debug|Any CPU.Build.0 = Debug|Any CPU
		{585F552D-2BBE-4F25-86DE-7871732F1220}.Release|Any CPU.ActiveCfg = Release|Any CPU
		{585F552D-2BBE-4F25-86DE-7871732F1220}.Release|Any CPU.Build.0 = Release|Any CPU
	EndGlobalSection
	GlobalSection(SolutionProperties) = preSolution
		HideSolutionNode = FALSE
	EndGlobalSection
	GlobalSection(ExtensibilityGlobals) = postSolution
		SolutionGuid = {FA43DFAD-FACE-4333-BBF6-00BA5998201E}
	EndGlobalSection
EndGlobal
